// !$*UTF8*$!
{
	archiveVersion = 1;
	classes = {
	};
	objectVersion = 56;
	objects = {

/* Begin PBXBuildFile section */
		6E44B2F52A977F19007F2AA9 /* PDFExpertApp.swift in Sources */ = {isa = PBXBuildFile; fileRef = 6E44B2F42A977F19007F2AA9 /* PDFExpertApp.swift */; };
		6E44B2F72A977F19007F2AA9 /* ContentView.swift in Sources */ = {isa = PBXBuildFile; fileRef = 6E44B2F62A977F19007F2AA9 /* ContentView.swift */; };
		6E44B2F92A977F1A007F2AA9 /* Assets.xcassets in Resources */ = {isa = PBXBuildFile; fileRef = 6E44B2F82A977F1A007F2AA9 /* Assets.xcassets */; };
		6E44B2FC2A977F1A007F2AA9 /* Preview Assets.xcassets in Resources */ = {isa = PBXBuildFile; fileRef = 6E44B2FB2A977F1A007F2AA9 /* Preview Assets.xcassets */; };
		6E44B3062A977F1B007F2AA9 /* PDFExpertTests.swift in Sources */ = {isa = PBXBuildFile; fileRef = 6E44B3052A977F1B007F2AA9 /* PDFExpertTests.swift */; };
		6E44B3102A977F1B007F2AA9 /* PDFExpertUITests.swift in Sources */ = {isa = PBXBuildFile; fileRef = 6E44B30F2A977F1B007F2AA9 /* PDFExpertUITests.swift */; };
		6E44B3122A977F1B007F2AA9 /* PDFExpertUITestsLaunchTests.swift in Sources */ = {isa = PBXBuildFile; fileRef = 6E44B3112A977F1B007F2AA9 /* PDFExpertUITestsLaunchTests.swift */; };
		6E44B3202A978129007F2AA9 /* RoundedRectangleStyle.swift in Sources */ = {isa = PBXBuildFile; fileRef = 6E44B31F2A978129007F2AA9 /* RoundedRectangleStyle.swift */; };
		6E44B3222A97861E007F2AA9 /* PDFViewer.swift in Sources */ = {isa = PBXBuildFile; fileRef = 6E44B3212A97861E007F2AA9 /* PDFViewer.swift */; };
/* End PBXBuildFile section */

/* Begin PBXContainerItemProxy section */
		6E44B3022A977F1B007F2AA9 /* PBXContainerItemProxy */ = {
			isa = PBXContainerItemProxy;
			containerPortal = 6E44B2E92A977F19007F2AA9 /* Project object */;
			proxyType = 1;
			remoteGlobalIDString = 6E44B2F02A977F19007F2AA9;
			remoteInfo = PDFExpert;
		};
		6E44B30C2A977F1B007F2AA9 /* PBXContainerItemProxy */ = {
			isa = PBXContainerItemProxy;
			containerPortal = 6E44B2E92A977F19007F2AA9 /* Project object */;
			proxyType = 1;
			remoteGlobalIDString = 6E44B2F02A977F19007F2AA9;
			remoteInfo = PDFExpert;
		};
/* End PBXContainerItemProxy section */

/* Begin PBXFileReference section */
		6E44B2F12A977F19007F2AA9 /* PDFExpert.app */ = {isa = PBXFileReference; explicitFileType = wrapper.application; includeInIndex = 0; path = PDFExpert.app; sourceTree = BUILT_PRODUCTS_DIR; };
		6E44B2F42A977F19007F2AA9 /* PDFExpertApp.swift */ = {isa = PBXFileReference; lastKnownFileType = sourcecode.swift; path = PDFExpertApp.swift; sourceTree = "<group>"; };
		6E44B2F62A977F19007F2AA9 /* ContentView.swift */ = {isa = PBXFileReference; lastKnownFileType = sourcecode.swift; path = ContentView.swift; sourceTree = "<group>"; };
		6E44B2F82A977F1A007F2AA9 /* Assets.xcassets */ = {isa = PBXFileReference; lastKnownFileType = folder.assetcatalog; path = Assets.xcassets; sourceTree = "<group>"; };
		6E44B2FB2A977F1A007F2AA9 /* Preview Assets.xcassets */ = {isa = PBXFileReference; lastKnownFileType = folder.assetcatalog; path = "Preview Assets.xcassets"; sourceTree = "<group>"; };
		6E44B3012A977F1B007F2AA9 /* PDFExpertTests.xctest */ = {isa = PBXFileReference; explicitFileType = wrapper.cfbundle; includeInIndex = 0; path = PDFExpertTests.xctest; sourceTree = BUILT_PRODUCTS_DIR; };
		6E44B3052A977F1B007F2AA9 /* PDFExpertTests.swift */ = {isa = PBXFileReference; lastKnownFileType = sourcecode.swift; path = PDFExpertTests.swift; sourceTree = "<group>"; };
		6E44B30B2A977F1B007F2AA9 /* PDFExpertUITests.xctest */ = {isa = PBXFileReference; explicitFileType = wrapper.cfbundle; includeInIndex = 0; path = PDFExpertUITests.xctest; sourceTree = BUILT_PRODUCTS_DIR; };
		6E44B30F2A977F1B007F2AA9 /* PDFExpertUITests.swift */ = {isa = PBXFileReference; lastKnownFileType = sourcecode.swift; path = PDFExpertUITests.swift; sourceTree = "<group>"; };
		6E44B3112A977F1B007F2AA9 /* PDFExpertUITestsLaunchTests.swift */ = {isa = PBXFileReference; lastKnownFileType = sourcecode.swift; path = PDFExpertUITestsLaunchTests.swift; sourceTree = "<group>"; };
		6E44B31F2A978129007F2AA9 /* RoundedRectangleStyle.swift */ = {isa = PBXFileReference; lastKnownFileType = sourcecode.swift; path = RoundedRectangleStyle.swift; sourceTree = "<group>"; };
		6E44B3212A97861E007F2AA9 /* PDFViewer.swift */ = {isa = PBXFileReference; lastKnownFileType = sourcecode.swift; path = PDFViewer.swift; sourceTree = "<group>"; };
		6E44B3232A97AA86007F2AA9 /* Info.plist */ = {isa = PBXFileReference; lastKnownFileType = text.plist; path = Info.plist; sourceTree = "<group>"; };
/* End PBXFileReference section */

/* Begin PBXFrameworksBuildPhase section */
		6E44B2EE2A977F19007F2AA9 /* Frameworks */ = {
			isa = PBXFrameworksBuildPhase;
			buildActionMask = 2147483647;
			files = (
			);
			runOnlyForDeploymentPostprocessing = 0;
		};
		6E44B2FE2A977F1B007F2AA9 /* Frameworks */ = {
			isa = PBXFrameworksBuildPhase;
			buildActionMask = 2147483647;
			files = (
			);
			runOnlyForDeploymentPostprocessing = 0;
		};
		6E44B3082A977F1B007F2AA9 /* Frameworks */ = {
			isa = PBXFrameworksBuildPhase;
			buildActionMask = 2147483647;
			files = (
			);
			runOnlyForDeploymentPostprocessing = 0;
		};
/* End PBXFrameworksBuildPhase section */

/* Begin PBXGroup section */
		6E44B2E82A977F19007F2AA9 = {
			isa = PBXGroup;
			children = (
				6E44B2F32A977F19007F2AA9 /* PDFExpert */,
				6E44B3042A977F1B007F2AA9 /* PDFExpertTests */,
				6E44B30E2A977F1B007F2AA9 /* PDFExpertUITests */,
				6E44B2F22A977F19007F2AA9 /* Products */,
			);
			sourceTree = "<group>";
		};
		6E44B2F22A977F19007F2AA9 /* Products */ = {
			isa = PBXGroup;
			children = (
				6E44B2F12A977F19007F2AA9 /* PDFExpert.app */,
				6E44B3012A977F1B007F2AA9 /* PDFExpertTests.xctest */,
				6E44B30B2A977F1B007F2AA9 /* PDFExpertUITests.xctest */,
			);
			name = Products;
			sourceTree = "<group>";
		};
		6E44B2F32A977F19007F2AA9 /* PDFExpert */ = {
			isa = PBXGroup;
			children = (
				6E44B3232A97AA86007F2AA9 /* Info.plist */,
				6E44B31E2A9780F2007F2AA9 /* Utils */,
				6E44B2F42A977F19007F2AA9 /* PDFExpertApp.swift */,
				6E44B3212A97861E007F2AA9 /* PDFViewer.swift */,
				6E44B2F62A977F19007F2AA9 /* ContentView.swift */,
				6E44B2F82A977F1A007F2AA9 /* Assets.xcassets */,
				6E44B2FA2A977F1A007F2AA9 /* Preview Content */,
			);
			path = PDFExpert;
			sourceTree = "<group>";
		};
		6E44B2FA2A977F1A007F2AA9 /* Preview Content */ = {
			isa = PBXGroup;
			children = (
				6E44B2FB2A977F1A007F2AA9 /* Preview Assets.xcassets */,
			);
			path = "Preview Content";
			sourceTree = "<group>";
		};
		6E44B3042A977F1B007F2AA9 /* PDFExpertTests */ = {
			isa = PBXGroup;
			children = (
				6E44B3052A977F1B007F2AA9 /* PDFExpertTests.swift */,
			);
			path = PDFExpertTests;
			sourceTree = "<group>";
		};
		6E44B30E2A977F1B007F2AA9 /* PDFExpertUITests */ = {
			isa = PBXGroup;
			children = (
				6E44B30F2A977F1B007F2AA9 /* PDFExpertUITests.swift */,
				6E44B3112A977F1B007F2AA9 /* PDFExpertUITestsLaunchTests.swift */,
			);
			path = PDFExpertUITests;
			sourceTree = "<group>";
		};
		6E44B31E2A9780F2007F2AA9 /* Utils */ = {
			isa = PBXGroup;
			children = (
				6E44B31F2A978129007F2AA9 /* RoundedRectangleStyle.swift */,
			);
			path = Utils;
			sourceTree = "<group>";
		};
/* End PBXGroup section */

/* Begin PBXNativeTarget section */
		6E44B2F02A977F19007F2AA9 /* PDFExpert */ = {
			isa = PBXNativeTarget;
			buildConfigurationList = 6E44B3152A977F1B007F2AA9 /* Build configuration list for PBXNativeTarget "PDFExpert" */;
			buildPhases = (
				6E44B2ED2A977F19007F2AA9 /* Sources */,
				6E44B2EE2A977F19007F2AA9 /* Frameworks */,
				6E44B2EF2A977F19007F2AA9 /* Resources */,
			);
			buildRules = (
			);
			dependencies = (
			);
			name = PDFExpert;
			productName = PDFExpert;
			productReference = 6E44B2F12A977F19007F2AA9 /* PDFExpert.app */;
			productType = "com.apple.product-type.application";
		};
		6E44B3002A977F1B007F2AA9 /* PDFExpertTests */ = {
			isa = PBXNativeTarget;
			buildConfigurationList = 6E44B3182A977F1B007F2AA9 /* Build configuration list for PBXNativeTarget "PDFExpertTests" */;
			buildPhases = (
				6E44B2FD2A977F1B007F2AA9 /* Sources */,
				6E44B2FE2A977F1B007F2AA9 /* Frameworks */,
				6E44B2FF2A977F1B007F2AA9 /* Resources */,
			);
			buildRules = (
			);
			dependencies = (
				6E44B3032A977F1B007F2AA9 /* PBXTargetDependency */,
			);
			name = PDFExpertTests;
			productName = PDFExpertTests;
			productReference = 6E44B3012A977F1B007F2AA9 /* PDFExpertTests.xctest */;
			productType = "com.apple.product-type.bundle.unit-test";
		};
		6E44B30A2A977F1B007F2AA9 /* PDFExpertUITests */ = {
			isa = PBXNativeTarget;
			buildConfigurationList = 6E44B31B2A977F1B007F2AA9 /* Build configuration list for PBXNativeTarget "PDFExpertUITests" */;
			buildPhases = (
				6E44B3072A977F1B007F2AA9 /* Sources */,
				6E44B3082A977F1B007F2AA9 /* Frameworks */,
				6E44B3092A977F1B007F2AA9 /* Resources */,
			);
			buildRules = (
			);
			dependencies = (
				6E44B30D2A977F1B007F2AA9 /* PBXTargetDependency */,
			);
			name = PDFExpertUITests;
			productName = PDFExpertUITests;
			productReference = 6E44B30B2A977F1B007F2AA9 /* PDFExpertUITests.xctest */;
			productType = "com.apple.product-type.bundle.ui-testing";
		};
/* End PBXNativeTarget section */

/* Begin PBXProject section */
		6E44B2E92A977F19007F2AA9 /* Project object */ = {
			isa = PBXProject;
			attributes = {
				BuildIndependentTargetsInParallel = 1;
				LastSwiftUpdateCheck = 1500;
				LastUpgradeCheck = 1500;
				TargetAttributes = {
					6E44B2F02A977F19007F2AA9 = {
						CreatedOnToolsVersion = 15.0;
					};
					6E44B3002A977F1B007F2AA9 = {
						CreatedOnToolsVersion = 15.0;
						TestTargetID = 6E44B2F02A977F19007F2AA9;
					};
					6E44B30A2A977F1B007F2AA9 = {
						CreatedOnToolsVersion = 15.0;
						TestTargetID = 6E44B2F02A977F19007F2AA9;
					};
				};
			};
			buildConfigurationList = 6E44B2EC2A977F19007F2AA9 /* Build configuration list for PBXProject "PDFExpert" */;
			compatibilityVersion = "Xcode 14.0";
			developmentRegion = en;
			hasScannedForEncodings = 0;
			knownRegions = (
				en,
				Base,
			);
			mainGroup = 6E44B2E82A977F19007F2AA9;
			productRefGroup = 6E44B2F22A977F19007F2AA9 /* Products */;
			projectDirPath = "";
			projectRoot = "";
			targets = (
				6E44B2F02A977F19007F2AA9 /* PDFExpert */,
				6E44B3002A977F1B007F2AA9 /* PDFExpertTests */,
				6E44B30A2A977F1B007F2AA9 /* PDFExpertUITests */,
			);
		};
/* End PBXProject section */

/* Begin PBXResourcesBuildPhase section */
		6E44B2EF2A977F19007F2AA9 /* Resources */ = {
			isa = PBXResourcesBuildPhase;
			buildActionMask = 2147483647;
			files = (
				6E44B2FC2A977F1A007F2AA9 /* Preview Assets.xcassets in Resources */,
				6E44B2F92A977F1A007F2AA9 /* Assets.xcassets in Resources */,
			);
			runOnlyForDeploymentPostprocessing = 0;
		};
		6E44B2FF2A977F1B007F2AA9 /* Resources */ = {
			isa = PBXResourcesBuildPhase;
			buildActionMask = 2147483647;
			files = (
			);
			runOnlyForDeploymentPostprocessing = 0;
		};
		6E44B3092A977F1B007F2AA9 /* Resources */ = {
			isa = PBXResourcesBuildPhase;
			buildActionMask = 2147483647;
			files = (
			);
			runOnlyForDeploymentPostprocessing = 0;
		};
/* End PBXResourcesBuildPhase section */

/* Begin PBXSourcesBuildPhase section */
		6E44B2ED2A977F19007F2AA9 /* Sources */ = {
			isa = PBXSourcesBuildPhase;
			buildActionMask = 2147483647;
			files = (
				6E44B2F72A977F19007F2AA9 /* ContentView.swift in Sources */,
				6E44B3202A978129007F2AA9 /* RoundedRectangleStyle.swift in Sources */,
				6E44B3222A97861E007F2AA9 /* PDFViewer.swift in Sources */,
				6E44B2F52A977F19007F2AA9 /* PDFExpertApp.swift in Sources */,
			);
			runOnlyForDeploymentPostprocessing = 0;
		};
		6E44B2FD2A977F1B007F2AA9 /* Sources */ = {
			isa = PBXSourcesBuildPhase;
			buildActionMask = 2147483647;
			files = (
				6E44B3062A977F1B007F2AA9 /* PDFExpertTests.swift in Sources */,
			);
			runOnlyForDeploymentPostprocessing = 0;
		};
		6E44B3072A977F1B007F2AA9 /* Sources */ = {
			isa = PBXSourcesBuildPhase;
			buildActionMask = 2147483647;
			files = (
				6E44B3102A977F1B007F2AA9 /* PDFExpertUITests.swift in Sources */,
				6E44B3122A977F1B007F2AA9 /* PDFExpertUITestsLaunchTests.swift in Sources */,
			);
			runOnlyForDeploymentPostprocessing = 0;
		};
/* End PBXSourcesBuildPhase section */

/* Begin PBXTargetDependency section */
		6E44B3032A977F1B007F2AA9 /* PBXTargetDependency */ = {
			isa = PBXTargetDependency;
			target = 6E44B2F02A977F19007F2AA9 /* PDFExpert */;
			targetProxy = 6E44B3022A977F1B007F2AA9 /* PBXContainerItemProxy */;
		};
		6E44B30D2A977F1B007F2AA9 /* PBXTargetDependency */ = {
			isa = PBXTargetDependency;
			target = 6E44B2F02A977F19007F2AA9 /* PDFExpert */;
			targetProxy = 6E44B30C2A977F1B007F2AA9 /* PBXContainerItemProxy */;
		};
/* End PBXTargetDependency section */

/* Begin XCBuildConfiguration section */
		6E44B3132A977F1B007F2AA9 /* Debug */ = {
			isa = XCBuildConfiguration;
			buildSettings = {
				ALWAYS_SEARCH_USER_PATHS = NO;
				ASSETCATALOG_COMPILER_GENERATE_SWIFT_ASSET_SYMBOL_EXTENSIONS = YES;
				CLANG_ANALYZER_NONNULL = YES;
				CLANG_ANALYZER_NUMBER_OBJECT_CONVERSION = YES_AGGRESSIVE;
				CLANG_CXX_LANGUAGE_STANDARD = "gnu++20";
				CLANG_ENABLE_MODULES = YES;
				CLANG_ENABLE_OBJC_ARC = YES;
				CLANG_ENABLE_OBJC_WEAK = YES;
				CLANG_WARN_BLOCK_CAPTURE_AUTORELEASING = YES;
				CLANG_WARN_BOOL_CONVERSION = YES;
				CLANG_WARN_COMMA = YES;
				CLANG_WARN_CONSTANT_CONVERSION = YES;
				CLANG_WARN_DEPRECATED_OBJC_IMPLEMENTATIONS = YES;
				CLANG_WARN_DIRECT_OBJC_ISA_USAGE = YES_ERROR;
				CLANG_WARN_DOCUMENTATION_COMMENTS = YES;
				CLANG_WARN_EMPTY_BODY = YES;
				CLANG_WARN_ENUM_CONVERSION = YES;
				CLANG_WARN_INFINITE_RECURSION = YES;
				CLANG_WARN_INT_CONVERSION = YES;
				CLANG_WARN_NON_LITERAL_NULL_CONVERSION = YES;
				CLANG_WARN_OBJC_IMPLICIT_RETAIN_SELF = YES;
				CLANG_WARN_OBJC_LITERAL_CONVERSION = YES;
				CLANG_WARN_OBJC_ROOT_CLASS = YES_ERROR;
				CLANG_WARN_QUOTED_INCLUDE_IN_FRAMEWORK_HEADER = YES;
				CLANG_WARN_RANGE_LOOP_ANALYSIS = YES;
				CLANG_WARN_STRICT_PROTOTYPES = YES;
				CLANG_WARN_SUSPICIOUS_MOVE = YES;
				CLANG_WARN_UNGUARDED_AVAILABILITY = YES_AGGRESSIVE;
				CLANG_WARN_UNREACHABLE_CODE = YES;
				CLANG_WARN__DUPLICATE_METHOD_MATCH = YES;
				COPY_PHASE_STRIP = NO;
				DEBUG_INFORMATION_FORMAT = dwarf;
				ENABLE_STRICT_OBJC_MSGSEND = YES;
				ENABLE_TESTABILITY = YES;
				ENABLE_USER_SCRIPT_SANDBOXING = YES;
				GCC_C_LANGUAGE_STANDARD = gnu17;
				GCC_DYNAMIC_NO_PIC = NO;
				GCC_NO_COMMON_BLOCKS = YES;
				GCC_OPTIMIZATION_LEVEL = 0;
				GCC_PREPROCESSOR_DEFINITIONS = (
					"DEBUG=1",
					"$(inherited)",
				);
				GCC_WARN_64_TO_32_BIT_CONVERSION = YES;
				GCC_WARN_ABOUT_RETURN_TYPE = YES_ERROR;
				GCC_WARN_UNDECLARED_SELECTOR = YES;
				GCC_WARN_UNINITIALIZED_AUTOS = YES_AGGRESSIVE;
				GCC_WARN_UNUSED_FUNCTION = YES;
				GCC_WARN_UNUSED_VARIABLE = YES;
				IPHONEOS_DEPLOYMENT_TARGET = 16.6;
				LOCALIZATION_PREFERS_STRING_CATALOGS = YES;
				MTL_ENABLE_DEBUG_INFO = INCLUDE_SOURCE;
				MTL_FAST_MATH = YES;
				ONLY_ACTIVE_ARCH = YES;
				SDKROOT = iphoneos;
				SWIFT_ACTIVE_COMPILATION_CONDITIONS = "DEBUG $(inherited)";
				SWIFT_OPTIMIZATION_LEVEL = "-Onone";
			};
			name = Debug;
		};
		6E44B3142A977F1B007F2AA9 /* Release */ = {
			isa = XCBuildConfiguration;
			buildSettings = {
				ALWAYS_SEARCH_USER_PATHS = NO;
				ASSETCATALOG_COMPILER_GENERATE_SWIFT_ASSET_SYMBOL_EXTENSIONS = YES;
				CLANG_ANALYZER_NONNULL = YES;
				CLANG_ANALYZER_NUMBER_OBJECT_CONVERSION = YES_AGGRESSIVE;
				CLANG_CXX_LANGUAGE_STANDARD = "gnu++20";
				CLANG_ENABLE_MODULES = YES;
				CLANG_ENABLE_OBJC_ARC = YES;
				CLANG_ENABLE_OBJC_WEAK = YES;
				CLANG_WARN_BLOCK_CAPTURE_AUTORELEASING = YES;
				CLANG_WARN_BOOL_CONVERSION = YES;
				CLANG_WARN_COMMA = YES;
				CLANG_WARN_CONSTANT_CONVERSION = YES;
				CLANG_WARN_DEPRECATED_OBJC_IMPLEMENTATIONS = YES;
				CLANG_WARN_DIRECT_OBJC_ISA_USAGE = YES_ERROR;
				CLANG_WARN_DOCUMENTATION_COMMENTS = YES;
				CLANG_WARN_EMPTY_BODY = YES;
				CLANG_WARN_ENUM_CONVERSION = YES;
				CLANG_WARN_INFINITE_RECURSION = YES;
				CLANG_WARN_INT_CONVERSION = YES;
				CLANG_WARN_NON_LITERAL_NULL_CONVERSION = YES;
				CLANG_WARN_OBJC_IMPLICIT_RETAIN_SELF = YES;
				CLANG_WARN_OBJC_LITERAL_CONVERSION = YES;
				CLANG_WARN_OBJC_ROOT_CLASS = YES_ERROR;
				CLANG_WARN_QUOTED_INCLUDE_IN_FRAMEWORK_HEADER = YES;
				CLANG_WARN_RANGE_LOOP_ANALYSIS = YES;
				CLANG_WARN_STRICT_PROTOTYPES = YES;
				CLANG_WARN_SUSPICIOUS_MOVE = YES;
				CLANG_WARN_UNGUARDED_AVAILABILITY = YES_AGGRESSIVE;
				CLANG_WARN_UNREACHABLE_CODE = YES;
				CLANG_WARN__DUPLICATE_METHOD_MATCH = YES;
				COPY_PHASE_STRIP = NO;
				DEBUG_INFORMATION_FORMAT = "dwarf-with-dsym";
				ENABLE_NS_ASSERTIONS = NO;
				ENABLE_STRICT_OBJC_MSGSEND = YES;
				ENABLE_USER_SCRIPT_SANDBOXING = YES;
				GCC_C_LANGUAGE_STANDARD = gnu17;
				GCC_NO_COMMON_BLOCKS = YES;
				GCC_WARN_64_TO_32_BIT_CONVERSION = YES;
				GCC_WARN_ABOUT_RETURN_TYPE = YES_ERROR;
				GCC_WARN_UNDECLARED_SELECTOR = YES;
				GCC_WARN_UNINITIALIZED_AUTOS = YES_AGGRESSIVE;
				GCC_WARN_UNUSED_FUNCTION = YES;
				GCC_WARN_UNUSED_VARIABLE = YES;
				IPHONEOS_DEPLOYMENT_TARGET = 16.6;
				LOCALIZATION_PREFERS_STRING_CATALOGS = YES;
				MTL_ENABLE_DEBUG_INFO = NO;
				MTL_FAST_MATH = YES;
				SDKROOT = iphoneos;
				SWIFT_COMPILATION_MODE = wholemodule;
				VALIDATE_PRODUCT = YES;
			};
			name = Release;
		};
		6E44B3162A977F1B007F2AA9 /* Debug */ = {
			isa = XCBuildConfiguration;
			buildSettings = {
				ASSETCATALOG_COMPILER_APPICON_NAME = AppIcon;
				ASSETCATALOG_COMPILER_GLOBAL_ACCENT_COLOR_NAME = AccentColor;
				CODE_SIGN_STYLE = Automatic;
				CURRENT_PROJECT_VERSION = 1;
				DEVELOPMENT_ASSET_PATHS = "\"PDFExpert/Preview Content\"";
				DEVELOPMENT_TEAM = SZ4N2ENSVJ;
				ENABLE_PREVIEWS = YES;
				GENERATE_INFOPLIST_FILE = YES;
				INFOPLIST_FILE = PDFExpert/Info.plist;
				INFOPLIST_KEY_UIApplicationSceneManifest_Generation = YES;
				INFOPLIST_KEY_UIApplicationSupportsIndirectInputEvents = YES;
				INFOPLIST_KEY_UILaunchScreen_Generation = YES;
				INFOPLIST_KEY_UISupportedInterfaceOrientations_iPad = "UIInterfaceOrientationPortrait UIInterfaceOrientationPortraitUpsideDown UIInterfaceOrientationLandscapeLeft UIInterfaceOrientationLandscapeRight";
				INFOPLIST_KEY_UISupportedInterfaceOrientations_iPhone = "UIInterfaceOrientationPortrait UIInterfaceOrientationLandscapeLeft UIInterfaceOrientationLandscapeRight";
				IPHONEOS_DEPLOYMENT_TARGET = 16.6;
				LD_RUNPATH_SEARCH_PATHS = (
					"$(inherited)",
					"@executable_path/Frameworks",
				);
				MARKETING_VERSION = 1.0;
				PRODUCT_BUNDLE_IDENTIFIER = io.storyrocket.PDFExpert;
				PRODUCT_NAME = "$(TARGET_NAME)";
				SWIFT_EMIT_LOC_STRINGS = YES;
				SWIFT_VERSION = 5.0;
				TARGETED_DEVICE_FAMILY = "1,2";
			};
			name = Debug;
		};
		6E44B3172A977F1B007F2AA9 /* Release */ = {
			isa = XCBuildConfiguration;
			buildSettings = {
				ASSETCATALOG_COMPILER_APPICON_NAME = AppIcon;
				ASSETCATALOG_COMPILER_GLOBAL_ACCENT_COLOR_NAME = AccentColor;
				CODE_SIGN_STYLE = Automatic;
				CURRENT_PROJECT_VERSION = 1;
				DEVELOPMENT_ASSET_PATHS = "\"PDFExpert/Preview Content\"";
				DEVELOPMENT_TEAM = SZ4N2ENSVJ;
				ENABLE_PREVIEWS = YES;
				GENERATE_INFOPLIST_FILE = YES;
				INFOPLIST_FILE = PDFExpert/Info.plist;
				INFOPLIST_KEY_UIApplicationSceneManifest_Generation = YES;
				INFOPLIST_KEY_UIApplicationSupportsIndirectInputEvents = YES;
				INFOPLIST_KEY_UILaunchScreen_Generation = YES;
				INFOPLIST_KEY_UISupportedInterfaceOrientations_iPad = "UIInterfaceOrientationPortrait UIInterfaceOrientationPortraitUpsideDown UIInterfaceOrientationLandscapeLeft UIInterfaceOrientationLandscapeRight";
				INFOPLIST_KEY_UISupportedInterfaceOrientations_iPhone = "UIInterfaceOrientationPortrait UIInterfaceOrientationLandscapeLeft UIInterfaceOrientationLandscapeRight";
				IPHONEOS_DEPLOYMENT_TARGET = 16.6;
				LD_RUNPATH_SEARCH_PATHS = (
					"$(inherited)",
					"@executable_path/Frameworks",
				);
				MARKETING_VERSION = 1.0;
				PRODUCT_BUNDLE_IDENTIFIER = io.storyrocket.PDFExpert;
				PRODUCT_NAME = "$(TARGET_NAME)";
				SWIFT_EMIT_LOC_STRINGS = YES;
				SWIFT_VERSION = 5.0;
				TARGETED_DEVICE_FAMILY = "1,2";
			};
			name = Release;
		};
		6E44B3192A977F1B007F2AA9 /* Debug */ = {
			isa = XCBuildConfiguration;
			buildSettings = {
				ALWAYS_EMBED_SWIFT_STANDARD_LIBRARIES = YES;
				BUNDLE_LOADER = "$(TEST_HOST)";
				CODE_SIGN_STYLE = Automatic;
				CURRENT_PROJECT_VERSION = 1;
				DEVELOPMENT_TEAM = SZ4N2ENSVJ;
				GENERATE_INFOPLIST_FILE = YES;
				IPHONEOS_DEPLOYMENT_TARGET = 17.0;
				MARKETING_VERSION = 1.0;
				PRODUCT_BUNDLE_IDENTIFIER = io.storyrocket.PDFExpertTests;
				PRODUCT_NAME = "$(TARGET_NAME)";
				SWIFT_EMIT_LOC_STRINGS = NO;
				SWIFT_VERSION = 5.0;
				TARGETED_DEVICE_FAMILY = "1,2";
				TEST_HOST = "$(BUILT_PRODUCTS_DIR)/PDFExpert.app/$(BUNDLE_EXECUTABLE_FOLDER_PATH)/PDFExpert";
			};
			name = Debug;
		};
		6E44B31A2A977F1B007F2AA9 /* Release */ = {
			isa = XCBuildConfiguration;
			buildSettings = {
				ALWAYS_EMBED_SWIFT_STANDARD_LIBRARIES = YES;
				BUNDLE_LOADER = "$(TEST_HOST)";
				CODE_SIGN_STYLE = Automatic;
				CURRENT_PROJECT_VERSION = 1;
				DEVELOPMENT_TEAM = SZ4N2ENSVJ;
				GENERATE_INFOPLIST_FILE = YES;
				IPHONEOS_DEPLOYMENT_TARGET = 17.0;
				MARKETING_VERSION = 1.0;
				PRODUCT_BUNDLE_IDENTIFIER = io.storyrocket.PDFExpertTests;
				PRODUCT_NAME = "$(TARGET_NAME)";
				SWIFT_EMIT_LOC_STRINGS = NO;
				SWIFT_VERSION = 5.0;
				TARGETED_DEVICE_FAMILY = "1,2";
				TEST_HOST = "$(BUILT_PRODUCTS_DIR)/PDFExpert.app/$(BUNDLE_EXECUTABLE_FOLDER_PATH)/PDFExpert";
			};
			name = Release;
		};
		6E44B31C2A977F1B007F2AA9 /* Debug */ = {
			isa = XCBuildConfiguration;
			buildSettings = {
				ALWAYS_EMBED_SWIFT_STANDARD_LIBRARIES = YES;
				CODE_SIGN_STYLE = Automatic;
				CURRENT_PROJECT_VERSION = 1;
				DEVELOPMENT_TEAM = SZ4N2ENSVJ;
				GENERATE_INFOPLIST_FILE = YES;
				MARKETING_VERSION = 1.0;
				PRODUCT_BUNDLE_IDENTIFIER = io.storyrocket.PDFExpertUITests;
				PRODUCT_NAME = "$(TARGET_NAME)";
				SWIFT_EMIT_LOC_STRINGS = NO;
				SWIFT_VERSION = 5.0;
				TARGETED_DEVICE_FAMILY = "1,2";
				TEST_TARGET_NAME = PDFExpert;
			};
			name = Debug;
		};
		6E44B31D2A977F1B007F2AA9 /* Release */ = {
			isa = XCBuildConfiguration;
			buildSettings = {
				ALWAYS_EMBED_SWIFT_STANDARD_LIBRARIES = YES;
				CODE_SIGN_STYLE = Automatic;
				CURRENT_PROJECT_VERSION = 1;
				DEVELOPMENT_TEAM = SZ4N2ENSVJ;
				GENERATE_INFOPLIST_FILE = YES;
				MARKETING_VERSION = 1.0;
				PRODUCT_BUNDLE_IDENTIFIER = io.storyrocket.PDFExpertUITests;
				PRODUCT_NAME = "$(TARGET_NAME)";
				SWIFT_EMIT_LOC_STRINGS = NO;
				SWIFT_VERSION = 5.0;
				TARGETED_DEVICE_FAMILY = "1,2";
				TEST_TARGET_NAME = PDFExpert;
			};
			name = Release;
		};
/* End XCBuildConfiguration section */

/* Begin XCConfigurationList section */
		6E44B2EC2A977F19007F2AA9 /* Build configuration list for PBXProject "PDFExpert" */ = {
			isa = XCConfigurationList;
			buildConfigurations = (
				6E44B3132A977F1B007F2AA9 /* Debug */,
				6E44B3142A977F1B007F2AA9 /* Release */,
			);
			defaultConfigurationIsVisible = 0;
			defaultConfigurationName = Release;
		};
		6E44B3152A977F1B007F2AA9 /* Build configuration list for PBXNativeTarget "PDFExpert" */ = {
			isa = XCConfigurationList;
			buildConfigurations = (
				6E44B3162A977F1B007F2AA9 /* Debug */,
				6E44B3172A977F1B007F2AA9 /* Release */,
			);
			defaultConfigurationIsVisible = 0;
			defaultConfigurationName = Release;
		};
		6E44B3182A977F1B007F2AA9 /* Build configuration list for PBXNativeTarget "PDFExpertTests" */ = {
			isa = XCConfigurationList;
			buildConfigurations = (
				6E44B3192A977F1B007F2AA9 /* Debug */,
				6E44B31A2A977F1B007F2AA9 /* Release */,
			);
			defaultConfigurationIsVisible = 0;
			defaultConfigurationName = Release;
		};
		6E44B31B2A977F1B007F2AA9 /* Build configuration list for PBXNativeTarget "PDFExpertUITests" */ = {
			isa = XCConfigurationList;
			buildConfigurations = (
				6E44B31C2A977F1B007F2AA9 /* Debug */,
				6E44B31D2A977F1B007F2AA9 /* Release */,
			);
			defaultConfigurationIsVisible = 0;
			defaultConfigurationName = Release;
		};
/* End XCConfigurationList section */
	};
	rootObject = 6E44B2E92A977F19007F2AA9 /* Project object */;
}
